
Microsoft Visual Studio Solution File, Format Version 12.00
# Visual Studio Version 16
VisualStudioVersion = 16.0.31624.102
MinimumVisualStudioVersion = 10.0.40219.1
Project("{FAE04EC0-301F-11D3-BF4B-00C04F79EFBC}") = "31122021FromApp", "31122021FromApp\31122021FromApp.csproj", "{F7FA6AB5-C2D2-4752-A36C-9F7D6FD56663}"
EndProject
Global
	GlobalSection(SolutionConfigurationPlatforms) = preSolution
		Debug|Any CPU = Debug|Any CPU
		Release|Any CPU = Release|Any CPU
	EndGlobalSection
	GlobalSection(ProjectConfigurationPlatforms) = postSolution
		{F7FA6AB5-C2D2-4752-A36C-9F7D6FD56663}.Debug|Any CPU.ActiveCfg = Debug|Any CPU
		{F7FA6AB5-C2D2-4752-A36C-9F7D6FD56663}.Debug|Any CPU.Build.0 = Debug|Any CPU
		{F7FA6AB5-C2D2-4752-A36C-9F7D6FD56663}.Release|Any CPU.ActiveCfg = Release|Any CPU
		{F7FA6AB5-C2D2-4752-A36C-9F7D6FD56663}.Release|Any CPU.Build.0 = Release|Any CPU
	EndGlobalSection
	GlobalSection(SolutionProperties) = preSolution
		HideSolutionNode = FALSE
	EndGlobalSection
	GlobalSection(ExtensibilityGlobals) = postSolution
		SolutionGuid = {77B0B908-D495-425F-9D28-5118D552B5D5}
	EndGlobalSection
EndGlobal
